
Microsoft Visual Studio Solution File, Format Version 12.00
# Visual Studio Version 17
VisualStudioVersion = 17.7.34009.444
MinimumVisualStudioVersion = 10.0.40219.1
Project("{9A19103F-16F7-4668-BE54-9A1E7A4F7556}") = "Parcial_Solucion", "..\..\..\Trabajo_Integrador - copia\Parcial_Solucion.csproj", "{DD3C2E14-3ED2-4F26-A290-A28211CC1BD1}"
EndProject
Project("{FAE04EC0-301F-11D3-BF4B-00C04F79EFBC}") = "LibreriaEntidades", "LibreriaEntidades\LibreriaEntidades.csproj", "{2240B895-1220-41A4-BBB3-48A6710315D9}"
EndProject
Global
	GlobalSection(SolutionConfigurationPlatforms) = preSolution
		Debug|Any CPU = Debug|Any CPU
		Release|Any CPU = Release|Any CPU
	EndGlobalSection
	GlobalSection(ProjectConfigurationPlatforms) = postSolution
		{DD3C2E14-3ED2-4F26-A290-A28211CC1BD1}.Debug|Any CPU.ActiveCfg = Debug|Any CPU
		{DD3C2E14-3ED2-4F26-A290-A28211CC1BD1}.Debug|Any CPU.Build.0 = Debug|Any CPU
		{DD3C2E14-3ED2-4F26-A290-A28211CC1BD1}.Release|Any CPU.ActiveCfg = Release|Any CPU
		{DD3C2E14-3ED2-4F26-A290-A28211CC1BD1}.Release|Any CPU.Build.0 = Release|Any CPU
		{2240B895-1220-41A4-BBB3-48A6710315D9}.Debug|Any CPU.ActiveCfg = Debug|Any CPU
		{2240B895-1220-41A4-BBB3-48A6710315D9}.Debug|Any CPU.Build.0 = Debug|Any CPU
		{2240B895-1220-41A4-BBB3-48A6710315D9}.Release|Any CPU.ActiveCfg = Release|Any CPU
		{2240B895-1220-41A4-BBB3-48A6710315D9}.Release|Any CPU.Build.0 = Release|Any CPU
	EndGlobalSection
	GlobalSection(SolutionProperties) = preSolution
		HideSolutionNode = FALSE
	EndGlobalSection
	GlobalSection(ExtensibilityGlobals) = postSolution
		SolutionGuid = {BFB3EEDE-3E2E-481C-BA25-E2F2B09673B1}
	EndGlobalSection
EndGlobal
